// !$*UTF8*$!
{
	archiveVersion = 1;
	classes = {
	};
	objectVersion = 50;
	objects = {

/* Begin PBXBuildFile section */
		FA47CB2C264254CA00F7FF84 /* AppDelegate.swift in Sources */ = {isa = PBXBuildFile; fileRef = FA47CB2B264254CA00F7FF84 /* AppDelegate.swift */; };
		FA47CB2E264254CA00F7FF84 /* SceneDelegate.swift in Sources */ = {isa = PBXBuildFile; fileRef = FA47CB2D264254CA00F7FF84 /* SceneDelegate.swift */; };
		FA47CB30264254CA00F7FF84 /* ViewController.swift in Sources */ = {isa = PBXBuildFile; fileRef = FA47CB2F264254CA00F7FF84 /* ViewController.swift */; };
		FA47CB33264254CA00F7FF84 /* Main.storyboard in Resources */ = {isa = PBXBuildFile; fileRef = FA47CB31264254CA00F7FF84 /* Main.storyboard */; };
		FA47CB35264254CC00F7FF84 /* Assets.xcassets in Resources */ = {isa = PBXBuildFile; fileRef = FA47CB34264254CC00F7FF84 /* Assets.xcassets */; };
		FA47CB38264254CC00F7FF84 /* LaunchScreen.storyboard in Resources */ = {isa = PBXBuildFile; fileRef = FA47CB36264254CC00F7FF84 /* LaunchScreen.storyboard */; };
		FA47CB412642614500F7FF84 /* Poppins in Resources */ = {isa = PBXBuildFile; fileRef = FA47CB402642614500F7FF84 /* Poppins */; };
/* End PBXBuildFile section */

/* Begin PBXFileReference section */
		FA47CB28264254CA00F7FF84 /* MyMoneeApps.app */ = {isa = PBXFileReference; explicitFileType = wrapper.application; includeInIndex = 0; path = MyMoneeApps.app; sourceTree = BUILT_PRODUCTS_DIR; };
		FA47CB2B264254CA00F7FF84 /* AppDelegate.swift */ = {isa = PBXFileReference; lastKnownFileType = sourcecode.swift; path = AppDelegate.swift; sourceTree = "<group>"; };
		FA47CB2D264254CA00F7FF84 /* SceneDelegate.swift */ = {isa = PBXFileReference; lastKnownFileType = sourcecode.swift; path = SceneDelegate.swift; sourceTree = "<group>"; };
		FA47CB2F264254CA00F7FF84 /* ViewController.swift */ = {isa = PBXFileReference; lastKnownFileType = sourcecode.swift; path = ViewController.swift; sourceTree = "<group>"; };
		FA47CB32264254CA00F7FF84 /* Base */ = {isa = PBXFileReference; lastKnownFileType = file.storyboard; name = Base; path = Base.lproj/Main.storyboard; sourceTree = "<group>"; };
		FA47CB34264254CC00F7FF84 /* Assets.xcassets */ = {isa = PBXFileReference; lastKnownFileType = folder.assetcatalog; path = Assets.xcassets; sourceTree = "<group>"; };
		FA47CB37264254CC00F7FF84 /* Base */ = {isa = PBXFileReference; lastKnownFileType = file.storyboard; name = Base; path = Base.lproj/LaunchScreen.storyboard; sourceTree = "<group>"; };
		FA47CB39264254CC00F7FF84 /* Info.plist */ = {isa = PBXFileReference; lastKnownFileType = text.plist.xml; path = Info.plist; sourceTree = "<group>"; };
		FA47CB402642614500F7FF84 /* Poppins */ = {isa = PBXFileReference; lastKnownFileType = folder; name = Poppins; path = ../../../Downloads/Poppins; sourceTree = "<group>"; };
/* End PBXFileReference section */

/* Begin PBXFrameworksBuildPhase section */
		FA47CB25264254CA00F7FF84 /* Frameworks */ = {
			isa = PBXFrameworksBuildPhase;
			buildActionMask = 2147483647;
			files = (
			);
			runOnlyForDeploymentPostprocessing = 0;
		};
/* End PBXFrameworksBuildPhase section */

/* Begin PBXGroup section */
		FA47CB1F264254CA00F7FF84 = {
			isa = PBXGroup;
			children = (
				FA47CB2A264254CA00F7FF84 /* MyMoneeApps */,
				FA47CB29264254CA00F7FF84 /* Products */,
				FA47CB402642614500F7FF84 /* Poppins */,
			);
			sourceTree = "<group>";
		};
		FA47CB29264254CA00F7FF84 /* Products */ = {
			isa = PBXGroup;
			children = (
				FA47CB28264254CA00F7FF84 /* MyMoneeApps.app */,
			);
			name = Products;
			sourceTree = "<group>";
		};
		FA47CB2A264254CA00F7FF84 /* MyMoneeApps */ = {
			isa = PBXGroup;
			children = (
				FA47CB2B264254CA00F7FF84 /* AppDelegate.swift */,
				FA47CB2D264254CA00F7FF84 /* SceneDelegate.swift */,
				FA47CB2F264254CA00F7FF84 /* ViewController.swift */,
				FA47CB31264254CA00F7FF84 /* Main.storyboard */,
				FA47CB34264254CC00F7FF84 /* Assets.xcassets */,
				FA47CB36264254CC00F7FF84 /* LaunchScreen.storyboard */,
				FA47CB39264254CC00F7FF84 /* Info.plist */,
			);
			path = MyMoneeApps;
			sourceTree = "<group>";
		};
/* End PBXGroup section */

/* Begin PBXNativeTarget section */
		FA47CB27264254CA00F7FF84 /* MyMoneeApps */ = {
			isa = PBXNativeTarget;
			buildConfigurationList = FA47CB3C264254CC00F7FF84 /* Build configuration list for PBXNativeTarget "MyMoneeApps" */;
			buildPhases = (
				FA47CB24264254CA00F7FF84 /* Sources */,
				FA47CB25264254CA00F7FF84 /* Frameworks */,
				FA47CB26264254CA00F7FF84 /* Resources */,
			);
			buildRules = (
			);
			dependencies = (
			);
			name = MyMoneeApps;
			productName = MyMoneyApps;
			productReference = FA47CB28264254CA00F7FF84 /* MyMoneeApps.app */;
			productType = "com.apple.product-type.application";
		};
/* End PBXNativeTarget section */

/* Begin PBXProject section */
		FA47CB20264254CA00F7FF84 /* Project object */ = {
			isa = PBXProject;
			attributes = {
				LastSwiftUpdateCheck = 1240;
				LastUpgradeCheck = 1240;
				TargetAttributes = {
					FA47CB27264254CA00F7FF84 = {
						CreatedOnToolsVersion = 12.4;
					};
				};
			};
			buildConfigurationList = FA47CB23264254CA00F7FF84 /* Build configuration list for PBXProject "MyMoneeApps" */;
			compatibilityVersion = "Xcode 9.3";
			developmentRegion = en;
			hasScannedForEncodings = 0;
			knownRegions = (
				en,
				Base,
			);
			mainGroup = FA47CB1F264254CA00F7FF84;
			productRefGroup = FA47CB29264254CA00F7FF84 /* Products */;
			projectDirPath = "";
			projectRoot = "";
			targets = (
				FA47CB27264254CA00F7FF84 /* MyMoneeApps */,
			);
		};
/* End PBXProject section */

/* Begin PBXResourcesBuildPhase section */
		FA47CB26264254CA00F7FF84 /* Resources */ = {
			isa = PBXResourcesBuildPhase;
			buildActionMask = 2147483647;
			files = (
				FA47CB412642614500F7FF84 /* Poppins in Resources */,
				FA47CB38264254CC00F7FF84 /* LaunchScreen.storyboard in Resources */,
				FA47CB35264254CC00F7FF84 /* Assets.xcassets in Resources */,
				FA47CB33264254CA00F7FF84 /* Main.storyboard in Resources */,
			);
			runOnlyForDeploymentPostprocessing = 0;
		};
/* End PBXResourcesBuildPhase section */

/* Begin PBXSourcesBuildPhase section */
		FA47CB24264254CA00F7FF84 /* Sources */ = {
			isa = PBXSourcesBuildPhase;
			buildActionMask = 2147483647;
			files = (
				FA47CB30264254CA00F7FF84 /* ViewController.swift in Sources */,
				FA47CB2C264254CA00F7FF84 /* AppDelegate.swift in Sources */,
				FA47CB2E264254CA00F7FF84 /* SceneDelegate.swift in Sources */,
			);
			runOnlyForDeploymentPostprocessing = 0;
		};
/* End PBXSourcesBuildPhase section */

/* Begin PBXVariantGroup section */
		FA47CB31264254CA00F7FF84 /* Main.storyboard */ = {
			isa = PBXVariantGroup;
			children = (
				FA47CB32264254CA00F7FF84 /* Base */,
			);
			name = Main.storyboard;
			sourceTree = "<group>";
		};
		FA47CB36264254CC00F7FF84 /* LaunchScreen.storyboard */ = {
			isa = PBXVariantGroup;
			children = (
				FA47CB37264254CC00F7FF84 /* Base */,
			);
			name = LaunchScreen.storyboard;
			sourceTree = "<group>";
		};
/* End PBXVariantGroup section */

/* Begin XCBuildConfiguration section */
		FA47CB3A264254CC00F7FF84 /* Debug */ = {
			isa = XCBuildConfiguration;
			buildSettings = {
				ALWAYS_SEARCH_USER_PATHS = NO;
				CLANG_ANALYZER_NONNULL = YES;
				CLANG_ANALYZER_NUMBER_OBJECT_CONVERSION = YES_AGGRESSIVE;
				CLANG_CXX_LANGUAGE_STANDARD = "gnu++14";
				CLANG_CXX_LIBRARY = "libc++";
				CLANG_ENABLE_MODULES = YES;
				CLANG_ENABLE_OBJC_ARC = YES;
				CLANG_ENABLE_OBJC_WEAK = YES;
				CLANG_WARN_BLOCK_CAPTURE_AUTORELEASING = YES;
				CLANG_WARN_BOOL_CONVERSION = YES;
				CLANG_WARN_COMMA = YES;
				CLANG_WARN_CONSTANT_CONVERSION = YES;
				CLANG_WARN_DEPRECATED_OBJC_IMPLEMENTATIONS = YES;
				CLANG_WARN_DIRECT_OBJC_ISA_USAGE = YES_ERROR;
				CLANG_WARN_DOCUMENTATION_COMMENTS = YES;
				CLANG_WARN_EMPTY_BODY = YES;
				CLANG_WARN_ENUM_CONVERSION = YES;
				CLANG_WARN_INFINITE_RECURSION = YES;
				CLANG_WARN_INT_CONVERSION = YES;
				CLANG_WARN_NON_LITERAL_NULL_CONVERSION = YES;
				CLANG_WARN_OBJC_IMPLICIT_RETAIN_SELF = YES;
				CLANG_WARN_OBJC_LITERAL_CONVERSION = YES;
				CLANG_WARN_OBJC_ROOT_CLASS = YES_ERROR;
				CLANG_WARN_QUOTED_INCLUDE_IN_FRAMEWORK_HEADER = YES;
				CLANG_WARN_RANGE_LOOP_ANALYSIS = YES;
				CLANG_WARN_STRICT_PROTOTYPES = YES;
				CLANG_WARN_SUSPICIOUS_MOVE = YES;
				CLANG_WARN_UNGUARDED_AVAILABILITY = YES_AGGRESSIVE;
				CLANG_WARN_UNREACHABLE_CODE = YES;
				CLANG_WARN__DUPLICATE_METHOD_MATCH = YES;
				COPY_PHASE_STRIP = NO;
				DEBUG_INFORMATION_FORMAT = dwarf;
				ENABLE_STRICT_OBJC_MSGSEND = YES;
				ENABLE_TESTABILITY = YES;
				GCC_C_LANGUAGE_STANDARD = gnu11;
				GCC_DYNAMIC_NO_PIC = NO;
				GCC_NO_COMMON_BLOCKS = YES;
				GCC_OPTIMIZATION_LEVEL = 0;
				GCC_PREPROCESSOR_DEFINITIONS = (
					"DEBUG=1",
					"$(inherited)",
				);
				GCC_WARN_64_TO_32_BIT_CONVERSION = YES;
				GCC_WARN_ABOUT_RETURN_TYPE = YES_ERROR;
				GCC_WARN_UNDECLARED_SELECTOR = YES;
				GCC_WARN_UNINITIALIZED_AUTOS = YES_AGGRESSIVE;
				GCC_WARN_UNUSED_FUNCTION = YES;
				GCC_WARN_UNUSED_VARIABLE = YES;
				IPHONEOS_DEPLOYMENT_TARGET = 14.4;
				MTL_ENABLE_DEBUG_INFO = INCLUDE_SOURCE;
				MTL_FAST_MATH = YES;
				ONLY_ACTIVE_ARCH = YES;
				SDKROOT = iphoneos;
				SWIFT_ACTIVE_COMPILATION_CONDITIONS = DEBUG;
				SWIFT_OPTIMIZATION_LEVEL = "-Onone";
			};
			name = Debug;
		};
		FA47CB3B264254CC00F7FF84 /* Release */ = {
			isa = XCBuildConfiguration;
			buildSettings = {
				ALWAYS_SEARCH_USER_PATHS = NO;
				CLANG_ANALYZER_NONNULL = YES;
				CLANG_ANALYZER_NUMBER_OBJECT_CONVERSION = YES_AGGRESSIVE;
				CLANG_CXX_LANGUAGE_STANDARD = "gnu++14";
				CLANG_CXX_LIBRARY = "libc++";
				CLANG_ENABLE_MODULES = YES;
				CLANG_ENABLE_OBJC_ARC = YES;
				CLANG_ENABLE_OBJC_WEAK = YES;
				CLANG_WARN_BLOCK_CAPTURE_AUTORELEASING = YES;
				CLANG_WARN_BOOL_CONVERSION = YES;
				CLANG_WARN_COMMA = YES;
				CLANG_WARN_CONSTANT_CONVERSION = YES;
				CLANG_WARN_DEPRECATED_OBJC_IMPLEMENTATIONS = YES;
				CLANG_WARN_DIRECT_OBJC_ISA_USAGE = YES_ERROR;
				CLANG_WARN_DOCUMENTATION_COMMENTS = YES;
				CLANG_WARN_EMPTY_BODY = YES;
				CLANG_WARN_ENUM_CONVERSION = YES;
				CLANG_WARN_INFINITE_RECURSION = YES;
				CLANG_WARN_INT_CONVERSION = YES;
				CLANG_WARN_NON_LITERAL_NULL_CONVERSION = YES;
				CLANG_WARN_OBJC_IMPLICIT_RETAIN_SELF = YES;
				CLANG_WARN_OBJC_LITERAL_CONVERSION = YES;
				CLANG_WARN_OBJC_ROOT_CLASS = YES_ERROR;
				CLANG_WARN_QUOTED_INCLUDE_IN_FRAMEWORK_HEADER = YES;
				CLANG_WARN_RANGE_LOOP_ANALYSIS = YES;
				CLANG_WARN_STRICT_PROTOTYPES = YES;
				CLANG_WARN_SUSPICIOUS_MOVE = YES;
				CLANG_WARN_UNGUARDED_AVAILABILITY = YES_AGGRESSIVE;
				CLANG_WARN_UNREACHABLE_CODE = YES;
				CLANG_WARN__DUPLICATE_METHOD_MATCH = YES;
				COPY_PHASE_STRIP = NO;
				DEBUG_INFORMATION_FORMAT = "dwarf-with-dsym";
				ENABLE_NS_ASSERTIONS = NO;
				ENABLE_STRICT_OBJC_MSGSEND = YES;
				GCC_C_LANGUAGE_STANDARD = gnu11;
				GCC_NO_COMMON_BLOCKS = YES;
				GCC_WARN_64_TO_32_BIT_CONVERSION = YES;
				GCC_WARN_ABOUT_RETURN_TYPE = YES_ERROR;
				GCC_WARN_UNDECLARED_SELECTOR = YES;
				GCC_WARN_UNINITIALIZED_AUTOS = YES_AGGRESSIVE;
				GCC_WARN_UNUSED_FUNCTION = YES;
				GCC_WARN_UNUSED_VARIABLE = YES;
				IPHONEOS_DEPLOYMENT_TARGET = 14.4;
				MTL_ENABLE_DEBUG_INFO = NO;
				MTL_FAST_MATH = YES;
				SDKROOT = iphoneos;
				SWIFT_COMPILATION_MODE = wholemodule;
				SWIFT_OPTIMIZATION_LEVEL = "-O";
				VALIDATE_PRODUCT = YES;
			};
			name = Release;
		};
		FA47CB3D264254CC00F7FF84 /* Debug */ = {
			isa = XCBuildConfiguration;
			buildSettings = {
				ASSETCATALOG_COMPILER_APPICON_NAME = AppIcon;
				ASSETCATALOG_COMPILER_GLOBAL_ACCENT_COLOR_NAME = AccentColor;
				CODE_SIGN_STYLE = Automatic;
				DEVELOPMENT_TEAM = C8SZ2LPD7L;
				INFOPLIST_FILE = MyMoneyApps/Info.plist;
				LD_RUNPATH_SEARCH_PATHS = (
					"$(inherited)",
					"@executable_path/Frameworks",
				);
				PRODUCT_BUNDLE_IDENTIFIER = com.myapp.MyMoneyApps;
				PRODUCT_NAME = "$(TARGET_NAME)";
				SWIFT_VERSION = 5.0;
				TARGETED_DEVICE_FAMILY = "1,2";
			};
			name = Debug;
		};
		FA47CB3E264254CC00F7FF84 /* Release */ = {
			isa = XCBuildConfiguration;
			buildSettings = {
				ASSETCATALOG_COMPILER_APPICON_NAME = AppIcon;
				ASSETCATALOG_COMPILER_GLOBAL_ACCENT_COLOR_NAME = AccentColor;
				CODE_SIGN_STYLE = Automatic;
				DEVELOPMENT_TEAM = C8SZ2LPD7L;
				INFOPLIST_FILE = MyMoneyApps/Info.plist;
				LD_RUNPATH_SEARCH_PATHS = (
					"$(inherited)",
					"@executable_path/Frameworks",
				);
				PRODUCT_BUNDLE_IDENTIFIER = com.myapp.MyMoneyApps;
				PRODUCT_NAME = "$(TARGET_NAME)";
				SWIFT_VERSION = 5.0;
				TARGETED_DEVICE_FAMILY = "1,2";
			};
			name = Release;
		};
/* End XCBuildConfiguration section */

/* Begin XCConfigurationList section */
		FA47CB23264254CA00F7FF84 /* Build configuration list for PBXProject "MyMoneeApps" */ = {
			isa = XCConfigurationList;
			buildConfigurations = (
				FA47CB3A264254CC00F7FF84 /* Debug */,
				FA47CB3B264254CC00F7FF84 /* Release */,
			);
			defaultConfigurationIsVisible = 0;
			defaultConfigurationName = Release;
		};
		FA47CB3C264254CC00F7FF84 /* Build configuration list for PBXNativeTarget "MyMoneeApps" */ = {
			isa = XCConfigurationList;
			buildConfigurations = (
				FA47CB3D264254CC00F7FF84 /* Debug */,
				FA47CB3E264254CC00F7FF84 /* Release */,
			);
			defaultConfigurationIsVisible = 0;
			defaultConfigurationName = Release;
		};
/* End XCConfigurationList section */
	};
	rootObject = FA47CB20264254CA00F7FF84 /* Project object */;
}
